
Microsoft Visual Studio Solution File, Format Version 12.00
# Visual Studio Version 17
VisualStudioVersion = 17.4.33110.190
MinimumVisualStudioVersion = 10.0.40219.1
Project("{FAE04EC0-301F-11D3-BF4B-00C04F79EFBC}") = "2001200647_QLNUOCGIAIKHAT", "2001200647_QLNUOCGIAIKHAT\2001200647_QLNUOCGIAIKHAT.csproj", "{7656A35D-1B62-4D86-9351-F04D99DFD7F2}"
EndProject
Global
	GlobalSection(SolutionConfigurationPlatforms) = preSolution
		Debug|Any CPU = Debug|Any CPU
		Release|Any CPU = Release|Any CPU
	EndGlobalSection
	GlobalSection(ProjectConfigurationPlatforms) = postSolution
		{7656A35D-1B62-4D86-9351-F04D99DFD7F2}.Debug|Any CPU.ActiveCfg = Debug|Any CPU
		{7656A35D-1B62-4D86-9351-F04D99DFD7F2}.Debug|Any CPU.Build.0 = Debug|Any CPU
		{7656A35D-1B62-4D86-9351-F04D99DFD7F2}.Release|Any CPU.ActiveCfg = Release|Any CPU
		{7656A35D-1B62-4D86-9351-F04D99DFD7F2}.Release|Any CPU.Build.0 = Release|Any CPU
	EndGlobalSection
	GlobalSection(SolutionProperties) = preSolution
		HideSolutionNode = FALSE
	EndGlobalSection
	GlobalSection(ExtensibilityGlobals) = postSolution
		SolutionGuid = {41C8E0BD-93CB-46CA-B0E8-4DB5B4C53F26}
	EndGlobalSection
EndGlobal
